PODS:
  - FCDecorationCollectionViewFlowLayout (0.0.1)

DEPENDENCIES:
  - FCDecorationCollectionViewFlowLayout (from `../`)

EXTERNAL SOURCES:
  FCDecorationCollectionViewFlowLayout:
    :path: "../"

SPEC CHECKSUMS:
  FCDecorationCollectionViewFlowLayout: 0dfe2655c336e4999e5bc7832f64527008b97b24

PODFILE CHECKSUM: e77c6e20bb5a577b8c6126dc8de63d176ff46955

COCOAPODS: 1.9.1
